
Microsoft Visual Studio Solution File, Format Version 11.00
# Visual Studio 2010
Project("{8BC9CEB8-8B4A-11D0-8D11-00A0C91BC942}") = "OpenOrSwitchToNative", "OpenOrSwitchToNative.vcxproj", "{44BBE402-AC84-48C8-91CD-8C15EF75BCCC}"
EndProject
Global
	GlobalSection(SolutionConfigurationPlatforms) = preSolution
		Debug|Win32 = Debug|Win32
		Release|Win32 = Release|Win32
	EndGlobalSection
	GlobalSection(ProjectConfigurationPlatforms) = postSolution
		{44BBE402-AC84-48C8-91CD-8C15EF75BCCC}.Debug|Win32.ActiveCfg = Debug|Win32
		{44BBE402-AC84-48C8-91CD-8C15EF75BCCC}.Debug|Win32.Build.0 = Debug|Win32
		{44BBE402-AC84-48C8-91CD-8C15EF75BCCC}.Release|Win32.ActiveCfg = Release|Win32
		{44BBE402-AC84-48C8-91CD-8C15EF75BCCC}.Release|Win32.Build.0 = Release|Win32
	EndGlobalSection
	GlobalSection(SolutionProperties) = preSolution
		HideSolutionNode = FALSE
	EndGlobalSection
EndGlobal
